
Microsoft Visual Studio Solution File, Format Version 12.00
# Visual Studio Version 16
VisualStudioVersion = 16.0.31515.178
MinimumVisualStudioVersion = 10.0.40219.1
Project("{9A19103F-16F7-4668-BE54-9A1E7A4F7556}") = "Himeko", "Himeko\Himeko.csproj", "{CC954D0D-D8CD-4D46-B8AA-72E6145C57A1}"
EndProject
Project("{9A19103F-16F7-4668-BE54-9A1E7A4F7556}") = "CommandLib", "CommandLib\CommandLib.csproj", "{9B37B371-3820-4B80-BB6E-F645FB195989}"
EndProject
Project("{9A19103F-16F7-4668-BE54-9A1E7A4F7556}") = "HimekoCommand", "HimekoCommand\HimekoCommand.csproj", "{81F34986-8460-4DDE-B36B-F74CA88F0444}"
EndProject
Project("{9A19103F-16F7-4668-BE54-9A1E7A4F7556}") = "HimekoMqtt", "HimekoMqtt\HimekoMqtt.csproj", "{B3C88500-4BBB-48A2-94C9-42C77A0E2A53}"
EndProject
Project("{9A19103F-16F7-4668-BE54-9A1E7A4F7556}") = "tsubasa", "tsubasa\tsubasa\tsubasa.csproj", "{54709F4F-412F-4EA9-8431-1799588FD4CE}"
EndProject
Project("{9A19103F-16F7-4668-BE54-9A1E7A4F7556}") = "HimekoClient", "HimekoClient\HimekoClient.csproj", "{360D72AB-C93E-4183-83CB-066533F97317}"
EndProject
Project("{FAE04EC0-301F-11D3-BF4B-00C04F79EFBC}") = "TestConsole", "TestConsole\TestConsole.csproj", "{50E14FD3-3CA7-4424-ACAD-C2102011A62E}"
EndProject
Global
	GlobalSection(SolutionConfigurationPlatforms) = preSolution
		Debug_Linux|Any CPU = Debug_Linux|Any CPU
		Debug_Linux|x64 = Debug_Linux|x64
		Debug_Linux|x86 = Debug_Linux|x86
		Debug_Win|Any CPU = Debug_Win|Any CPU
		Debug_Win|x64 = Debug_Win|x64
		Debug_Win|x86 = Debug_Win|x86
		Debug|Any CPU = Debug|Any CPU
		Debug|x64 = Debug|x64
		Debug|x86 = Debug|x86
		Release_Linux|Any CPU = Release_Linux|Any CPU
		Release_Linux|x64 = Release_Linux|x64
		Release_Linux|x86 = Release_Linux|x86
		Release_Win|Any CPU = Release_Win|Any CPU
		Release_Win|x64 = Release_Win|x64
		Release_Win|x86 = Release_Win|x86
		Release|Any CPU = Release|Any CPU
		Release|x64 = Release|x64
		Release|x86 = Release|x86
		Windows_Debug|Any CPU = Windows_Debug|Any CPU
		Windows_Debug|x64 = Windows_Debug|x64
		Windows_Debug|x86 = Windows_Debug|x86
	EndGlobalSection
	GlobalSection(ProjectConfigurationPlatforms) = postSolution
		{CC954D0D-D8CD-4D46-B8AA-72E6145C57A1}.Debug_Linux|Any CPU.ActiveCfg = Debug|Any CPU
		{CC954D0D-D8CD-4D46-B8AA-72E6145C57A1}.Debug_Linux|Any CPU.Build.0 = Debug|Any CPU
		{CC954D0D-D8CD-4D46-B8AA-72E6145C57A1}.Debug_Linux|x64.ActiveCfg = Debug|Any CPU
		{CC954D0D-D8CD-4D46-B8AA-72E6145C57A1}.Debug_Linux|x64.Build.0 = Debug|Any CPU
		{CC954D0D-D8CD-4D46-B8AA-72E6145C57A1}.Debug_Linux|x86.ActiveCfg = Debug|Any CPU
		{CC954D0D-D8CD-4D46-B8AA-72E6145C57A1}.Debug_Linux|x86.Build.0 = Debug|Any CPU
		{CC954D0D-D8CD-4D46-B8AA-72E6145C57A1}.Debug_Win|Any CPU.ActiveCfg = Debug|Any CPU
		{CC954D0D-D8CD-4D46-B8AA-72E6145C57A1}.Debug_Win|Any CPU.Build.0 = Debug|Any CPU
		{CC954D0D-D8CD-4D46-B8AA-72E6145C57A1}.Debug_Win|x64.ActiveCfg = Debug|Any CPU
		{CC954D0D-D8CD-4D46-B8AA-72E6145C57A1}.Debug_Win|x64.Build.0 = Debug|Any CPU
		{CC954D0D-D8CD-4D46-B8AA-72E6145C57A1}.Debug_Win|x86.ActiveCfg = Debug|Any CPU
		{CC954D0D-D8CD-4D46-B8AA-72E6145C57A1}.Debug_Win|x86.Build.0 = Debug|Any CPU
		{CC954D0D-D8CD-4D46-B8AA-72E6145C57A1}.Debug|Any CPU.ActiveCfg = Debug|Any CPU
		{CC954D0D-D8CD-4D46-B8AA-72E6145C57A1}.Debug|Any CPU.Build.0 = Debug|Any CPU
		{CC954D0D-D8CD-4D46-B8AA-72E6145C57A1}.Debug|x64.ActiveCfg = Debug|x64
		{CC954D0D-D8CD-4D46-B8AA-72E6145C57A1}.Debug|x64.Build.0 = Debug|x64
		{CC954D0D-D8CD-4D46-B8AA-72E6145C57A1}.Debug|x86.ActiveCfg = Debug|Any CPU
		{CC954D0D-D8CD-4D46-B8AA-72E6145C57A1}.Debug|x86.Build.0 = Debug|Any CPU
		{CC954D0D-D8CD-4D46-B8AA-72E6145C57A1}.Release_Linux|Any CPU.ActiveCfg = Release|Any CPU
		{CC954D0D-D8CD-4D46-B8AA-72E6145C57A1}.Release_Linux|Any CPU.Build.0 = Release|Any CPU
		{CC954D0D-D8CD-4D46-B8AA-72E6145C57A1}.Release_Linux|x64.ActiveCfg = Release|Any CPU
		{CC954D0D-D8CD-4D46-B8AA-72E6145C57A1}.Release_Linux|x64.Build.0 = Release|Any CPU
		{CC954D0D-D8CD-4D46-B8AA-72E6145C57A1}.Release_Linux|x86.ActiveCfg = Release|Any CPU
		{CC954D0D-D8CD-4D46-B8AA-72E6145C57A1}.Release_Linux|x86.Build.0 = Release|Any CPU
		{CC954D0D-D8CD-4D46-B8AA-72E6145C57A1}.Release_Win|Any CPU.ActiveCfg = Release|Any CPU
		{CC954D0D-D8CD-4D46-B8AA-72E6145C57A1}.Release_Win|Any CPU.Build.0 = Release|Any CPU
		{CC954D0D-D8CD-4D46-B8AA-72E6145C57A1}.Release_Win|x64.ActiveCfg = Release|Any CPU
		{CC954D0D-D8CD-4D46-B8AA-72E6145C57A1}.Release_Win|x64.Build.0 = Release|Any CPU
		{CC954D0D-D8CD-4D46-B8AA-72E6145C57A1}.Release_Win|x86.ActiveCfg = Release|Any CPU
		{CC954D0D-D8CD-4D46-B8AA-72E6145C57A1}.Release_Win|x86.Build.0 = Release|Any CPU
		{CC954D0D-D8CD-4D46-B8AA-72E6145C57A1}.Release|Any CPU.ActiveCfg = Release|Any CPU
		{CC954D0D-D8CD-4D46-B8AA-72E6145C57A1}.Release|Any CPU.Build.0 = Release|Any CPU
		{CC954D0D-D8CD-4D46-B8AA-72E6145C57A1}.Release|x64.ActiveCfg = Release|Any CPU
		{CC954D0D-D8CD-4D46-B8AA-72E6145C57A1}.Release|x64.Build.0 = Release|Any CPU
		{CC954D0D-D8CD-4D46-B8AA-72E6145C57A1}.Release|x86.ActiveCfg = Release|Any CPU
		{CC954D0D-D8CD-4D46-B8AA-72E6145C57A1}.Release|x86.Build.0 = Release|Any CPU
		{CC954D0D-D8CD-4D46-B8AA-72E6145C57A1}.Windows_Debug|Any CPU.ActiveCfg = Debug|Any CPU
		{CC954D0D-D8CD-4D46-B8AA-72E6145C57A1}.Windows_Debug|Any CPU.Build.0 = Debug|Any CPU
		{CC954D0D-D8CD-4D46-B8AA-72E6145C57A1}.Windows_Debug|x64.ActiveCfg = Debug|Any CPU
		{CC954D0D-D8CD-4D46-B8AA-72E6145C57A1}.Windows_Debug|x64.Build.0 = Debug|Any CPU
		{CC954D0D-D8CD-4D46-B8AA-72E6145C57A1}.Windows_Debug|x86.ActiveCfg = Debug|Any CPU
		{CC954D0D-D8CD-4D46-B8AA-72E6145C57A1}.Windows_Debug|x86.Build.0 = Debug|Any CPU
		{9B37B371-3820-4B80-BB6E-F645FB195989}.Debug_Linux|Any CPU.ActiveCfg = Debug|Any CPU
		{9B37B371-3820-4B80-BB6E-F645FB195989}.Debug_Linux|Any CPU.Build.0 = Debug|Any CPU
		{9B37B371-3820-4B80-BB6E-F645FB195989}.Debug_Linux|x64.ActiveCfg = Debug|Any CPU
		{9B37B371-3820-4B80-BB6E-F645FB195989}.Debug_Linux|x64.Build.0 = Debug|Any CPU
		{9B37B371-3820-4B80-BB6E-F645FB195989}.Debug_Linux|x86.ActiveCfg = Debug|Any CPU
		{9B37B371-3820-4B80-BB6E-F645FB195989}.Debug_Linux|x86.Build.0 = Debug|Any CPU
		{9B37B371-3820-4B80-BB6E-F645FB195989}.Debug_Win|Any CPU.ActiveCfg = Debug|Any CPU
		{9B37B371-3820-4B80-BB6E-F645FB195989}.Debug_Win|Any CPU.Build.0 = Debug|Any CPU
		{9B37B371-3820-4B80-BB6E-F645FB195989}.Debug_Win|x64.ActiveCfg = Debug|Any CPU
		{9B37B371-3820-4B80-BB6E-F645FB195989}.Debug_Win|x64.Build.0 = Debug|Any CPU
		{9B37B371-3820-4B80-BB6E-F645FB195989}.Debug_Win|x86.ActiveCfg = Debug|Any CPU
		{9B37B371-3820-4B80-BB6E-F645FB195989}.Debug_Win|x86.Build.0 = Debug|Any CPU
		{9B37B371-3820-4B80-BB6E-F645FB195989}.Debug|Any CPU.ActiveCfg = Debug|Any CPU
		{9B37B371-3820-4B80-BB6E-F645FB195989}.Debug|Any CPU.Build.0 = Debug|Any CPU
		{9B37B371-3820-4B80-BB6E-F645FB195989}.Debug|x64.ActiveCfg = Debug|x64
		{9B37B371-3820-4B80-BB6E-F645FB195989}.Debug|x64.Build.0 = Debug|x64
		{9B37B371-3820-4B80-BB6E-F645FB195989}.Debug|x86.ActiveCfg = Debug|Any CPU
		{9B37B371-3820-4B80-BB6E-F645FB195989}.Debug|x86.Build.0 = Debug|Any CPU
		{9B37B371-3820-4B80-BB6E-F645FB195989}.Release_Linux|Any CPU.ActiveCfg = Release|Any CPU
		{9B37B371-3820-4B80-BB6E-F645FB195989}.Release_Linux|Any CPU.Build.0 = Release|Any CPU
		{9B37B371-3820-4B80-BB6E-F645FB195989}.Release_Linux|x64.ActiveCfg = Release|Any CPU
		{9B37B371-3820-4B80-BB6E-F645FB195989}.Release_Linux|x64.Build.0 = Release|Any CPU
		{9B37B371-3820-4B80-BB6E-F645FB195989}.Release_Linux|x86.ActiveCfg = Release|Any CPU
		{9B37B371-3820-4B80-BB6E-F645FB195989}.Release_Linux|x86.Build.0 = Release|Any CPU
		{9B37B371-3820-4B80-BB6E-F645FB195989}.Release_Win|Any CPU.ActiveCfg = Release|Any CPU
		{9B37B371-3820-4B80-BB6E-F645FB195989}.Release_Win|Any CPU.Build.0 = Release|Any CPU
		{9B37B371-3820-4B80-BB6E-F645FB195989}.Release_Win|x64.ActiveCfg = Release|Any CPU
		{9B37B371-3820-4B80-BB6E-F645FB195989}.Release_Win|x64.Build.0 = Release|Any CPU
		{9B37B371-3820-4B80-BB6E-F645FB195989}.Release_Win|x86.ActiveCfg = Release|Any CPU
		{9B37B371-3820-4B80-BB6E-F645FB195989}.Release_Win|x86.Build.0 = Release|Any CPU
		{9B37B371-3820-4B80-BB6E-F645FB195989}.Release|Any CPU.ActiveCfg = Release|Any CPU
		{9B37B371-3820-4B80-BB6E-F645FB195989}.Release|Any CPU.Build.0 = Release|Any CPU
		{9B37B371-3820-4B80-BB6E-F645FB195989}.Release|x64.ActiveCfg = Release|Any CPU
		{9B37B371-3820-4B80-BB6E-F645FB195989}.Release|x64.Build.0 = Release|Any CPU
		{9B37B371-3820-4B80-BB6E-F645FB195989}.Release|x86.ActiveCfg = Release|Any CPU
		{9B37B371-3820-4B80-BB6E-F645FB195989}.Release|x86.Build.0 = Release|Any CPU
		{9B37B371-3820-4B80-BB6E-F645FB195989}.Windows_Debug|Any CPU.ActiveCfg = Debug|Any CPU
		{9B37B371-3820-4B80-BB6E-F645FB195989}.Windows_Debug|Any CPU.Build.0 = Debug|Any CPU
		{9B37B371-3820-4B80-BB6E-F645FB195989}.Windows_Debug|x64.ActiveCfg = Debug|Any CPU
		{9B37B371-3820-4B80-BB6E-F645FB195989}.Windows_Debug|x64.Build.0 = Debug|Any CPU
		{9B37B371-3820-4B80-BB6E-F645FB195989}.Windows_Debug|x86.ActiveCfg = Debug|Any CPU
		{9B37B371-3820-4B80-BB6E-F645FB195989}.Windows_Debug|x86.Build.0 = Debug|Any CPU
		{81F34986-8460-4DDE-B36B-F74CA88F0444}.Debug_Linux|Any CPU.ActiveCfg = Debug|Any CPU
		{81F34986-8460-4DDE-B36B-F74CA88F0444}.Debug_Linux|Any CPU.Build.0 = Debug|Any CPU
		{81F34986-8460-4DDE-B36B-F74CA88F0444}.Debug_Linux|x64.ActiveCfg = Debug|Any CPU
		{81F34986-8460-4DDE-B36B-F74CA88F0444}.Debug_Linux|x64.Build.0 = Debug|Any CPU
		{81F34986-8460-4DDE-B36B-F74CA88F0444}.Debug_Linux|x86.ActiveCfg = Debug|Any CPU
		{81F34986-8460-4DDE-B36B-F74CA88F0444}.Debug_Linux|x86.Build.0 = Debug|Any CPU
		{81F34986-8460-4DDE-B36B-F74CA88F0444}.Debug_Win|Any CPU.ActiveCfg = Debug|Any CPU
		{81F34986-8460-4DDE-B36B-F74CA88F0444}.Debug_Win|Any CPU.Build.0 = Debug|Any CPU
		{81F34986-8460-4DDE-B36B-F74CA88F0444}.Debug_Win|x64.ActiveCfg = Debug|Any CPU
		{81F34986-8460-4DDE-B36B-F74CA88F0444}.Debug_Win|x64.Build.0 = Debug|Any CPU
		{81F34986-8460-4DDE-B36B-F74CA88F0444}.Debug_Win|x86.ActiveCfg = Debug|Any CPU
		{81F34986-8460-4DDE-B36B-F74CA88F0444}.Debug_Win|x86.Build.0 = Debug|Any CPU
		{81F34986-8460-4DDE-B36B-F74CA88F0444}.Debug|Any CPU.ActiveCfg = Debug|Any CPU
		{81F34986-8460-4DDE-B36B-F74CA88F0444}.Debug|Any CPU.Build.0 = Debug|Any CPU
		{81F34986-8460-4DDE-B36B-F74CA88F0444}.Debug|x64.ActiveCfg = Debug|x64
		{81F34986-8460-4DDE-B36B-F74CA88F0444}.Debug|x64.Build.0 = Debug|x64
		{81F34986-8460-4DDE-B36B-F74CA88F0444}.Debug|x86.ActiveCfg = Debug|Any CPU
		{81F34986-8460-4DDE-B36B-F74CA88F0444}.Debug|x86.Build.0 = Debug|Any CPU
		{81F34986-8460-4DDE-B36B-F74CA88F0444}.Release_Linux|Any CPU.ActiveCfg = Release|Any CPU
		{81F34986-8460-4DDE-B36B-F74CA88F0444}.Release_Linux|Any CPU.Build.0 = Release|Any CPU
		{81F34986-8460-4DDE-B36B-F74CA88F0444}.Release_Linux|x64.ActiveCfg = Release|Any CPU
		{81F34986-8460-4DDE-B36B-F74CA88F0444}.Release_Linux|x64.Build.0 = Release|Any CPU
		{81F34986-8460-4DDE-B36B-F74CA88F0444}.Release_Linux|x86.ActiveCfg = Release|Any CPU
		{81F34986-8460-4DDE-B36B-F74CA88F0444}.Release_Linux|x86.Build.0 = Release|Any CPU
		{81F34986-8460-4DDE-B36B-F74CA88F0444}.Release_Win|Any CPU.ActiveCfg = Release|Any CPU
		{81F34986-8460-4DDE-B36B-F74CA88F0444}.Release_Win|Any CPU.Build.0 = Release|Any CPU
		{81F34986-8460-4DDE-B36B-F74CA88F0444}.Release_Win|x64.ActiveCfg = Release|Any CPU
		{81F34986-8460-4DDE-B36B-F74CA88F0444}.Release_Win|x64.Build.0 = Release|Any CPU
		{81F34986-8460-4DDE-B36B-F74CA88F0444}.Release_Win|x86.ActiveCfg = Release|Any CPU
		{81F34986-8460-4DDE-B36B-F74CA88F0444}.Release_Win|x86.Build.0 = Release|Any CPU
		{81F34986-8460-4DDE-B36B-F74CA88F0444}.Release|Any CPU.ActiveCfg = Release|Any CPU
		{81F34986-8460-4DDE-B36B-F74CA88F0444}.Release|Any CPU.Build.0 = Release|Any CPU
		{81F34986-8460-4DDE-B36B-F74CA88F0444}.Release|x64.ActiveCfg = Release|Any CPU
		{81F34986-8460-4DDE-B36B-F74CA88F0444}.Release|x64.Build.0 = Release|Any CPU
		{81F34986-8460-4DDE-B36B-F74CA88F0444}.Release|x86.ActiveCfg = Release|Any CPU
		{81F34986-8460-4DDE-B36B-F74CA88F0444}.Release|x86.Build.0 = Release|Any CPU
		{81F34986-8460-4DDE-B36B-F74CA88F0444}.Windows_Debug|Any CPU.ActiveCfg = Debug|Any CPU
		{81F34986-8460-4DDE-B36B-F74CA88F0444}.Windows_Debug|Any CPU.Build.0 = Debug|Any CPU
		{81F34986-8460-4DDE-B36B-F74CA88F0444}.Windows_Debug|x64.ActiveCfg = Debug|Any CPU
		{81F34986-8460-4DDE-B36B-F74CA88F0444}.Windows_Debug|x64.Build.0 = Debug|Any CPU
		{81F34986-8460-4DDE-B36B-F74CA88F0444}.Windows_Debug|x86.ActiveCfg = Debug|Any CPU
		{81F34986-8460-4DDE-B36B-F74CA88F0444}.Windows_Debug|x86.Build.0 = Debug|Any CPU
		{B3C88500-4BBB-48A2-94C9-42C77A0E2A53}.Debug_Linux|Any CPU.ActiveCfg = Debug|Any CPU
		{B3C88500-4BBB-48A2-94C9-42C77A0E2A53}.Debug_Linux|Any CPU.Build.0 = Debug|Any CPU
		{B3C88500-4BBB-48A2-94C9-42C77A0E2A53}.Debug_Linux|x64.ActiveCfg = Debug|Any CPU
		{B3C88500-4BBB-48A2-94C9-42C77A0E2A53}.Debug_Linux|x64.Build.0 = Debug|Any CPU
		{B3C88500-4BBB-48A2-94C9-42C77A0E2A53}.Debug_Linux|x86.ActiveCfg = Debug|Any CPU
		{B3C88500-4BBB-48A2-94C9-42C77A0E2A53}.Debug_Linux|x86.Build.0 = Debug|Any CPU
		{B3C88500-4BBB-48A2-94C9-42C77A0E2A53}.Debug_Win|Any CPU.ActiveCfg = Debug|Any CPU
		{B3C88500-4BBB-48A2-94C9-42C77A0E2A53}.Debug_Win|Any CPU.Build.0 = Debug|Any CPU
		{B3C88500-4BBB-48A2-94C9-42C77A0E2A53}.Debug_Win|x64.ActiveCfg = Debug|Any CPU
		{B3C88500-4BBB-48A2-94C9-42C77A0E2A53}.Debug_Win|x64.Build.0 = Debug|Any CPU
		{B3C88500-4BBB-48A2-94C9-42C77A0E2A53}.Debug_Win|x86.ActiveCfg = Debug|Any CPU
		{B3C88500-4BBB-48A2-94C9-42C77A0E2A53}.Debug_Win|x86.Build.0 = Debug|Any CPU
		{B3C88500-4BBB-48A2-94C9-42C77A0E2A53}.Debug|Any CPU.ActiveCfg = Debug|Any CPU
		{B3C88500-4BBB-48A2-94C9-42C77A0E2A53}.Debug|Any CPU.Build.0 = Debug|Any CPU
		{B3C88500-4BBB-48A2-94C9-42C77A0E2A53}.Debug|x64.ActiveCfg = Debug|x64
		{B3C88500-4BBB-48A2-94C9-42C77A0E2A53}.Debug|x64.Build.0 = Debug|x64
		{B3C88500-4BBB-48A2-94C9-42C77A0E2A53}.Debug|x86.ActiveCfg = Debug|Any CPU
		{B3C88500-4BBB-48A2-94C9-42C77A0E2A53}.Debug|x86.Build.0 = Debug|Any CPU
		{B3C88500-4BBB-48A2-94C9-42C77A0E2A53}.Release_Linux|Any CPU.ActiveCfg = Release|Any CPU
		{B3C88500-4BBB-48A2-94C9-42C77A0E2A53}.Release_Linux|Any CPU.Build.0 = Release|Any CPU
		{B3C88500-4BBB-48A2-94C9-42C77A0E2A53}.Release_Linux|x64.ActiveCfg = Release|Any CPU
		{B3C88500-4BBB-48A2-94C9-42C77A0E2A53}.Release_Linux|x64.Build.0 = Release|Any CPU
		{B3C88500-4BBB-48A2-94C9-42C77A0E2A53}.Release_Linux|x86.ActiveCfg = Release|Any CPU
		{B3C88500-4BBB-48A2-94C9-42C77A0E2A53}.Release_Linux|x86.Build.0 = Release|Any CPU
		{B3C88500-4BBB-48A2-94C9-42C77A0E2A53}.Release_Win|Any CPU.ActiveCfg = Release|Any CPU
		{B3C88500-4BBB-48A2-94C9-42C77A0E2A53}.Release_Win|Any CPU.Build.0 = Release|Any CPU
		{B3C88500-4BBB-48A2-94C9-42C77A0E2A53}.Release_Win|x64.ActiveCfg = Release|Any CPU
		{B3C88500-4BBB-48A2-94C9-42C77A0E2A53}.Release_Win|x64.Build.0 = Release|Any CPU
		{B3C88500-4BBB-48A2-94C9-42C77A0E2A53}.Release_Win|x86.ActiveCfg = Release|Any CPU
		{B3C88500-4BBB-48A2-94C9-42C77A0E2A53}.Release_Win|x86.Build.0 = Release|Any CPU
		{B3C88500-4BBB-48A2-94C9-42C77A0E2A53}.Release|Any CPU.ActiveCfg = Release|Any CPU
		{B3C88500-4BBB-48A2-94C9-42C77A0E2A53}.Release|Any CPU.Build.0 = Release|Any CPU
		{B3C88500-4BBB-48A2-94C9-42C77A0E2A53}.Release|x64.ActiveCfg = Release|Any CPU
		{B3C88500-4BBB-48A2-94C9-42C77A0E2A53}.Release|x64.Build.0 = Release|Any CPU
		{B3C88500-4BBB-48A2-94C9-42C77A0E2A53}.Release|x86.ActiveCfg = Release|Any CPU
		{B3C88500-4BBB-48A2-94C9-42C77A0E2A53}.Release|x86.Build.0 = Release|Any CPU
		{B3C88500-4BBB-48A2-94C9-42C77A0E2A53}.Windows_Debug|Any CPU.ActiveCfg = Debug|Any CPU
		{B3C88500-4BBB-48A2-94C9-42C77A0E2A53}.Windows_Debug|Any CPU.Build.0 = Debug|Any CPU
		{B3C88500-4BBB-48A2-94C9-42C77A0E2A53}.Windows_Debug|x64.ActiveCfg = Debug|Any CPU
		{B3C88500-4BBB-48A2-94C9-42C77A0E2A53}.Windows_Debug|x64.Build.0 = Debug|Any CPU
		{B3C88500-4BBB-48A2-94C9-42C77A0E2A53}.Windows_Debug|x86.ActiveCfg = Debug|Any CPU
		{B3C88500-4BBB-48A2-94C9-42C77A0E2A53}.Windows_Debug|x86.Build.0 = Debug|Any CPU
		{54709F4F-412F-4EA9-8431-1799588FD4CE}.Debug_Linux|Any CPU.ActiveCfg = Debug_Linux|Any CPU
		{54709F4F-412F-4EA9-8431-1799588FD4CE}.Debug_Linux|Any CPU.Build.0 = Debug_Linux|Any CPU
		{54709F4F-412F-4EA9-8431-1799588FD4CE}.Debug_Linux|x64.ActiveCfg = Debug_Linux|x64
		{54709F4F-412F-4EA9-8431-1799588FD4CE}.Debug_Linux|x64.Build.0 = Debug_Linux|x64
		{54709F4F-412F-4EA9-8431-1799588FD4CE}.Debug_Linux|x86.ActiveCfg = Debug_Linux|x86
		{54709F4F-412F-4EA9-8431-1799588FD4CE}.Debug_Linux|x86.Build.0 = Debug_Linux|x86
		{54709F4F-412F-4EA9-8431-1799588FD4CE}.Debug_Win|Any CPU.ActiveCfg = Debug_Win|Any CPU
		{54709F4F-412F-4EA9-8431-1799588FD4CE}.Debug_Win|Any CPU.Build.0 = Debug_Win|Any CPU
		{54709F4F-412F-4EA9-8431-1799588FD4CE}.Debug_Win|x64.ActiveCfg = Debug_Win|x64
		{54709F4F-412F-4EA9-8431-1799588FD4CE}.Debug_Win|x64.Build.0 = Debug_Win|x64
		{54709F4F-412F-4EA9-8431-1799588FD4CE}.Debug_Win|x86.ActiveCfg = Debug_Win|x86
		{54709F4F-412F-4EA9-8431-1799588FD4CE}.Debug_Win|x86.Build.0 = Debug_Win|x86
		{54709F4F-412F-4EA9-8431-1799588FD4CE}.Debug|Any CPU.ActiveCfg = Debug|Any CPU
		{54709F4F-412F-4EA9-8431-1799588FD4CE}.Debug|Any CPU.Build.0 = Debug|Any CPU
		{54709F4F-412F-4EA9-8431-1799588FD4CE}.Debug|x64.ActiveCfg = Debug|x64
		{54709F4F-412F-4EA9-8431-1799588FD4CE}.Debug|x64.Build.0 = Debug|x64
		{54709F4F-412F-4EA9-8431-1799588FD4CE}.Debug|x86.ActiveCfg = Debug|x86
		{54709F4F-412F-4EA9-8431-1799588FD4CE}.Debug|x86.Build.0 = Debug|x86
		{54709F4F-412F-4EA9-8431-1799588FD4CE}.Release_Linux|Any CPU.ActiveCfg = Release_Linux|Any CPU
		{54709F4F-412F-4EA9-8431-1799588FD4CE}.Release_Linux|Any CPU.Build.0 = Release_Linux|Any CPU
		{54709F4F-412F-4EA9-8431-1799588FD4CE}.Release_Linux|x64.ActiveCfg = Release_Linux|x64
		{54709F4F-412F-4EA9-8431-1799588FD4CE}.Release_Linux|x64.Build.0 = Release_Linux|x64
		{54709F4F-412F-4EA9-8431-1799588FD4CE}.Release_Linux|x86.ActiveCfg = Release_Linux|x86
		{54709F4F-412F-4EA9-8431-1799588FD4CE}.Release_Linux|x86.Build.0 = Release_Linux|x86
		{54709F4F-412F-4EA9-8431-1799588FD4CE}.Release_Win|Any CPU.ActiveCfg = Release_Win|Any CPU
		{54709F4F-412F-4EA9-8431-1799588FD4CE}.Release_Win|Any CPU.Build.0 = Release_Win|Any CPU
		{54709F4F-412F-4EA9-8431-1799588FD4CE}.Release_Win|x64.ActiveCfg = Release_Win|x64
		{54709F4F-412F-4EA9-8431-1799588FD4CE}.Release_Win|x64.Build.0 = Release_Win|x64
		{54709F4F-412F-4EA9-8431-1799588FD4CE}.Release_Win|x86.ActiveCfg = Release_Win|x86
		{54709F4F-412F-4EA9-8431-1799588FD4CE}.Release_Win|x86.Build.0 = Release_Win|x86
		{54709F4F-412F-4EA9-8431-1799588FD4CE}.Release|Any CPU.ActiveCfg = Release|Any CPU
		{54709F4F-412F-4EA9-8431-1799588FD4CE}.Release|Any CPU.Build.0 = Release|Any CPU
		{54709F4F-412F-4EA9-8431-1799588FD4CE}.Release|x64.ActiveCfg = Release|x64
		{54709F4F-412F-4EA9-8431-1799588FD4CE}.Release|x64.Build.0 = Release|x64
		{54709F4F-412F-4EA9-8431-1799588FD4CE}.Release|x86.ActiveCfg = Release|x86
		{54709F4F-412F-4EA9-8431-1799588FD4CE}.Release|x86.Build.0 = Release|x86
		{54709F4F-412F-4EA9-8431-1799588FD4CE}.Windows_Debug|Any CPU.ActiveCfg = Windows_Debug|Any CPU
		{54709F4F-412F-4EA9-8431-1799588FD4CE}.Windows_Debug|Any CPU.Build.0 = Windows_Debug|Any CPU
		{54709F4F-412F-4EA9-8431-1799588FD4CE}.Windows_Debug|x64.ActiveCfg = Windows_Debug|x64
		{54709F4F-412F-4EA9-8431-1799588FD4CE}.Windows_Debug|x64.Build.0 = Windows_Debug|x64
		{54709F4F-412F-4EA9-8431-1799588FD4CE}.Windows_Debug|x86.ActiveCfg = Windows_Debug|x86
		{54709F4F-412F-4EA9-8431-1799588FD4CE}.Windows_Debug|x86.Build.0 = Windows_Debug|x86
		{360D72AB-C93E-4183-83CB-066533F97317}.Debug_Linux|Any CPU.ActiveCfg = Debug|Any CPU
		{360D72AB-C93E-4183-83CB-066533F97317}.Debug_Linux|Any CPU.Build.0 = Debug|Any CPU
		{360D72AB-C93E-4183-83CB-066533F97317}.Debug_Linux|x64.ActiveCfg = Debug|Any CPU
		{360D72AB-C93E-4183-83CB-066533F97317}.Debug_Linux|x64.Build.0 = Debug|Any CPU
		{360D72AB-C93E-4183-83CB-066533F97317}.Debug_Linux|x86.ActiveCfg = Debug|Any CPU
		{360D72AB-C93E-4183-83CB-066533F97317}.Debug_Linux|x86.Build.0 = Debug|Any CPU
		{360D72AB-C93E-4183-83CB-066533F97317}.Debug_Win|Any CPU.ActiveCfg = Debug|Any CPU
		{360D72AB-C93E-4183-83CB-066533F97317}.Debug_Win|Any CPU.Build.0 = Debug|Any CPU
		{360D72AB-C93E-4183-83CB-066533F97317}.Debug_Win|x64.ActiveCfg = Debug|Any CPU
		{360D72AB-C93E-4183-83CB-066533F97317}.Debug_Win|x64.Build.0 = Debug|Any CPU
		{360D72AB-C93E-4183-83CB-066533F97317}.Debug_Win|x86.ActiveCfg = Debug|Any CPU
		{360D72AB-C93E-4183-83CB-066533F97317}.Debug_Win|x86.Build.0 = Debug|Any CPU
		{360D72AB-C93E-4183-83CB-066533F97317}.Debug|Any CPU.ActiveCfg = Debug|Any CPU
		{360D72AB-C93E-4183-83CB-066533F97317}.Debug|Any CPU.Build.0 = Debug|Any CPU
		{360D72AB-C93E-4183-83CB-066533F97317}.Debug|x64.ActiveCfg = Debug|x64
		{360D72AB-C93E-4183-83CB-066533F97317}.Debug|x64.Build.0 = Debug|x64
		{360D72AB-C93E-4183-83CB-066533F97317}.Debug|x86.ActiveCfg = Debug|Any CPU
		{360D72AB-C93E-4183-83CB-066533F97317}.Debug|x86.Build.0 = Debug|Any CPU
		{360D72AB-C93E-4183-83CB-066533F97317}.Release_Linux|Any CPU.ActiveCfg = Release|Any CPU
		{360D72AB-C93E-4183-83CB-066533F97317}.Release_Linux|Any CPU.Build.0 = Release|Any CPU
		{360D72AB-C93E-4183-83CB-066533F97317}.Release_Linux|x64.ActiveCfg = Release|Any CPU
		{360D72AB-C93E-4183-83CB-066533F97317}.Release_Linux|x64.Build.0 = Release|Any CPU
		{360D72AB-C93E-4183-83CB-066533F97317}.Release_Linux|x86.ActiveCfg = Release|Any CPU
		{360D72AB-C93E-4183-83CB-066533F97317}.Release_Linux|x86.Build.0 = Release|Any CPU
		{360D72AB-C93E-4183-83CB-066533F97317}.Release_Win|Any CPU.ActiveCfg = Release|Any CPU
		{360D72AB-C93E-4183-83CB-066533F97317}.Release_Win|Any CPU.Build.0 = Release|Any CPU
		{360D72AB-C93E-4183-83CB-066533F97317}.Release_Win|x64.ActiveCfg = Release|Any CPU
		{360D72AB-C93E-4183-83CB-066533F97317}.Release_Win|x64.Build.0 = Release|Any CPU
		{360D72AB-C93E-4183-83CB-066533F97317}.Release_Win|x86.ActiveCfg = Release|Any CPU
		{360D72AB-C93E-4183-83CB-066533F97317}.Release_Win|x86.Build.0 = Release|Any CPU
		{360D72AB-C93E-4183-83CB-066533F97317}.Release|Any CPU.ActiveCfg = Release|Any CPU
		{360D72AB-C93E-4183-83CB-066533F97317}.Release|Any CPU.Build.0 = Release|Any CPU
		{360D72AB-C93E-4183-83CB-066533F97317}.Release|x64.ActiveCfg = Release|Any CPU
		{360D72AB-C93E-4183-83CB-066533F97317}.Release|x64.Build.0 = Release|Any CPU
		{360D72AB-C93E-4183-83CB-066533F97317}.Release|x86.ActiveCfg = Release|Any CPU
		{360D72AB-C93E-4183-83CB-066533F97317}.Release|x86.Build.0 = Release|Any CPU
		{360D72AB-C93E-4183-83CB-066533F97317}.Windows_Debug|Any CPU.ActiveCfg = Debug|Any CPU
		{360D72AB-C93E-4183-83CB-066533F97317}.Windows_Debug|Any CPU.Build.0 = Debug|Any CPU
		{360D72AB-C93E-4183-83CB-066533F97317}.Windows_Debug|x64.ActiveCfg = Debug|Any CPU
		{360D72AB-C93E-4183-83CB-066533F97317}.Windows_Debug|x64.Build.0 = Debug|Any CPU
		{360D72AB-C93E-4183-83CB-066533F97317}.Windows_Debug|x86.ActiveCfg = Debug|Any CPU
		{360D72AB-C93E-4183-83CB-066533F97317}.Windows_Debug|x86.Build.0 = Debug|Any CPU
		{50E14FD3-3CA7-4424-ACAD-C2102011A62E}.Debug_Linux|Any CPU.ActiveCfg = Debug|Any CPU
		{50E14FD3-3CA7-4424-ACAD-C2102011A62E}.Debug_Linux|Any CPU.Build.0 = Debug|Any CPU
		{50E14FD3-3CA7-4424-ACAD-C2102011A62E}.Debug_Linux|x64.ActiveCfg = Debug|Any CPU
		{50E14FD3-3CA7-4424-ACAD-C2102011A62E}.Debug_Linux|x64.Build.0 = Debug|Any CPU
		{50E14FD3-3CA7-4424-ACAD-C2102011A62E}.Debug_Linux|x86.ActiveCfg = Debug|Any CPU
		{50E14FD3-3CA7-4424-ACAD-C2102011A62E}.Debug_Linux|x86.Build.0 = Debug|Any CPU
		{50E14FD3-3CA7-4424-ACAD-C2102011A62E}.Debug_Win|Any CPU.ActiveCfg = Debug|Any CPU
		{50E14FD3-3CA7-4424-ACAD-C2102011A62E}.Debug_Win|Any CPU.Build.0 = Debug|Any CPU
		{50E14FD3-3CA7-4424-ACAD-C2102011A62E}.Debug_Win|x64.ActiveCfg = Debug|Any CPU
		{50E14FD3-3CA7-4424-ACAD-C2102011A62E}.Debug_Win|x64.Build.0 = Debug|Any CPU
		{50E14FD3-3CA7-4424-ACAD-C2102011A62E}.Debug_Win|x86.ActiveCfg = Debug|Any CPU
		{50E14FD3-3CA7-4424-ACAD-C2102011A62E}.Debug_Win|x86.Build.0 = Debug|Any CPU
		{50E14FD3-3CA7-4424-ACAD-C2102011A62E}.Debug|Any CPU.ActiveCfg = Debug|Any CPU
		{50E14FD3-3CA7-4424-ACAD-C2102011A62E}.Debug|Any CPU.Build.0 = Debug|Any CPU
		{50E14FD3-3CA7-4424-ACAD-C2102011A62E}.Debug|x64.ActiveCfg = Debug|x64
		{50E14FD3-3CA7-4424-ACAD-C2102011A62E}.Debug|x64.Build.0 = Debug|x64
		{50E14FD3-3CA7-4424-ACAD-C2102011A62E}.Debug|x86.ActiveCfg = Debug|Any CPU
		{50E14FD3-3CA7-4424-ACAD-C2102011A62E}.Debug|x86.Build.0 = Debug|Any CPU
		{50E14FD3-3CA7-4424-ACAD-C2102011A62E}.Release_Linux|Any CPU.ActiveCfg = Release|Any CPU
		{50E14FD3-3CA7-4424-ACAD-C2102011A62E}.Release_Linux|Any CPU.Build.0 = Release|Any CPU
		{50E14FD3-3CA7-4424-ACAD-C2102011A62E}.Release_Linux|x64.ActiveCfg = Release|Any CPU
		{50E14FD3-3CA7-4424-ACAD-C2102011A62E}.Release_Linux|x64.Build.0 = Release|Any CPU
		{50E14FD3-3CA7-4424-ACAD-C2102011A62E}.Release_Linux|x86.ActiveCfg = Release|Any CPU
		{50E14FD3-3CA7-4424-ACAD-C2102011A62E}.Release_Linux|x86.Build.0 = Release|Any CPU
		{50E14FD3-3CA7-4424-ACAD-C2102011A62E}.Release_Win|Any CPU.ActiveCfg = Release|Any CPU
		{50E14FD3-3CA7-4424-ACAD-C2102011A62E}.Release_Win|Any CPU.Build.0 = Release|Any CPU
		{50E14FD3-3CA7-4424-ACAD-C2102011A62E}.Release_Win|x64.ActiveCfg = Release|Any CPU
		{50E14FD3-3CA7-4424-ACAD-C2102011A62E}.Release_Win|x64.Build.0 = Release|Any CPU
		{50E14FD3-3CA7-4424-ACAD-C2102011A62E}.Release_Win|x86.ActiveCfg = Release|Any CPU
		{50E14FD3-3CA7-4424-ACAD-C2102011A62E}.Release_Win|x86.Build.0 = Release|Any CPU
		{50E14FD3-3CA7-4424-ACAD-C2102011A62E}.Release|Any CPU.ActiveCfg = Release|Any CPU
		{50E14FD3-3CA7-4424-ACAD-C2102011A62E}.Release|Any CPU.Build.0 = Release|Any CPU
		{50E14FD3-3CA7-4424-ACAD-C2102011A62E}.Release|x64.ActiveCfg = Release|Any CPU
		{50E14FD3-3CA7-4424-ACAD-C2102011A62E}.Release|x64.Build.0 = Release|Any CPU
		{50E14FD3-3CA7-4424-ACAD-C2102011A62E}.Release|x86.ActiveCfg = Release|Any CPU
		{50E14FD3-3CA7-4424-ACAD-C2102011A62E}.Release|x86.Build.0 = Release|Any CPU
		{50E14FD3-3CA7-4424-ACAD-C2102011A62E}.Windows_Debug|Any CPU.ActiveCfg = Debug|Any CPU
		{50E14FD3-3CA7-4424-ACAD-C2102011A62E}.Windows_Debug|Any CPU.Build.0 = Debug|Any CPU
		{50E14FD3-3CA7-4424-ACAD-C2102011A62E}.Windows_Debug|x64.ActiveCfg = Debug|Any CPU
		{50E14FD3-3CA7-4424-ACAD-C2102011A62E}.Windows_Debug|x64.Build.0 = Debug|Any CPU
		{50E14FD3-3CA7-4424-ACAD-C2102011A62E}.Windows_Debug|x86.ActiveCfg = Debug|Any CPU
		{50E14FD3-3CA7-4424-ACAD-C2102011A62E}.Windows_Debug|x86.Build.0 = Debug|Any CPU
	EndGlobalSection
	GlobalSection(SolutionProperties) = preSolution
		HideSolutionNode = FALSE
	EndGlobalSection
	GlobalSection(ExtensibilityGlobals) = postSolution
		SolutionGuid = {5F246C94-A4C9-4E23-9CFF-D3E5B3B5878E}
	EndGlobalSection
EndGlobal
